
Microsoft Visual Studio Solution File, Format Version 12.00
# Visual Studio Version 16
VisualStudioVersion = 16.0.30204.135
MinimumVisualStudioVersion = 10.0.40219.1
Project("{9A19103F-16F7-4668-BE54-9A1E7A4F7556}") = "Cepres.Web", "Cepres.Web\Cepres.Web.csproj", "{0D407B15-6A08-47C7-9199-BB6A5F514474}"
EndProject
Project("{9A19103F-16F7-4668-BE54-9A1E7A4F7556}") = "Cepres.Common", "Cepres.Common\Cepres.Common.csproj", "{342D61CD-1EA8-4B36-A45D-64928DF3B3A9}"
EndProject
Project("{FAE04EC0-301F-11D3-BF4B-00C04F79EFBC}") = "Cepres.Data", "Cepres.Data\Cepres.Data.csproj", "{62D80BF8-530E-44D3-892B-EE9A83A2E664}"
EndProject
Project("{FAE04EC0-301F-11D3-BF4B-00C04F79EFBC}") = "Cepres.Domain", "Cepres.Domain\Cepres.Domain.csproj", "{D60699D1-3369-49E7-AEB6-872F7D827D1D}"
EndProject
Project("{FAE04EC0-301F-11D3-BF4B-00C04F79EFBC}") = "Cepres.Service", "Cepres.Service\Cepres.Service.csproj", "{D056AC23-4E2F-43E9-9041-5108325E8D5B}"
EndProject
Project("{FAE04EC0-301F-11D3-BF4B-00C04F79EFBC}") = "Cepres.Services.API", "Cepres.Services.API\Cepres.Services.API.csproj", "{B8A51D74-F92F-44C3-B841-74AF78401381}"
EndProject
Global
	GlobalSection(SolutionConfigurationPlatforms) = preSolution
		Debug|Any CPU = Debug|Any CPU
		Release|Any CPU = Release|Any CPU
	EndGlobalSection
	GlobalSection(ProjectConfigurationPlatforms) = postSolution
		{0D407B15-6A08-47C7-9199-BB6A5F514474}.Debug|Any CPU.ActiveCfg = Debug|Any CPU
		{0D407B15-6A08-47C7-9199-BB6A5F514474}.Debug|Any CPU.Build.0 = Debug|Any CPU
		{0D407B15-6A08-47C7-9199-BB6A5F514474}.Release|Any CPU.ActiveCfg = Release|Any CPU
		{0D407B15-6A08-47C7-9199-BB6A5F514474}.Release|Any CPU.Build.0 = Release|Any CPU
		{342D61CD-1EA8-4B36-A45D-64928DF3B3A9}.Debug|Any CPU.ActiveCfg = Debug|Any CPU
		{342D61CD-1EA8-4B36-A45D-64928DF3B3A9}.Debug|Any CPU.Build.0 = Debug|Any CPU
		{342D61CD-1EA8-4B36-A45D-64928DF3B3A9}.Release|Any CPU.ActiveCfg = Release|Any CPU
		{342D61CD-1EA8-4B36-A45D-64928DF3B3A9}.Release|Any CPU.Build.0 = Release|Any CPU
		{62D80BF8-530E-44D3-892B-EE9A83A2E664}.Debug|Any CPU.ActiveCfg = Debug|Any CPU
		{62D80BF8-530E-44D3-892B-EE9A83A2E664}.Debug|Any CPU.Build.0 = Debug|Any CPU
		{62D80BF8-530E-44D3-892B-EE9A83A2E664}.Release|Any CPU.ActiveCfg = Release|Any CPU
		{62D80BF8-530E-44D3-892B-EE9A83A2E664}.Release|Any CPU.Build.0 = Release|Any CPU
		{D60699D1-3369-49E7-AEB6-872F7D827D1D}.Debug|Any CPU.ActiveCfg = Debug|Any CPU
		{D60699D1-3369-49E7-AEB6-872F7D827D1D}.Debug|Any CPU.Build.0 = Debug|Any CPU
		{D60699D1-3369-49E7-AEB6-872F7D827D1D}.Release|Any CPU.ActiveCfg = Release|Any CPU
		{D60699D1-3369-49E7-AEB6-872F7D827D1D}.Release|Any CPU.Build.0 = Release|Any CPU
		{D056AC23-4E2F-43E9-9041-5108325E8D5B}.Debug|Any CPU.ActiveCfg = Debug|Any CPU
		{D056AC23-4E2F-43E9-9041-5108325E8D5B}.Debug|Any CPU.Build.0 = Debug|Any CPU
		{D056AC23-4E2F-43E9-9041-5108325E8D5B}.Release|Any CPU.ActiveCfg = Release|Any CPU
		{D056AC23-4E2F-43E9-9041-5108325E8D5B}.Release|Any CPU.Build.0 = Release|Any CPU
		{B8A51D74-F92F-44C3-B841-74AF78401381}.Debug|Any CPU.ActiveCfg = Debug|Any CPU
		{B8A51D74-F92F-44C3-B841-74AF78401381}.Debug|Any CPU.Build.0 = Debug|Any CPU
		{B8A51D74-F92F-44C3-B841-74AF78401381}.Release|Any CPU.ActiveCfg = Release|Any CPU
		{B8A51D74-F92F-44C3-B841-74AF78401381}.Release|Any CPU.Build.0 = Release|Any CPU
	EndGlobalSection
	GlobalSection(SolutionProperties) = preSolution
		HideSolutionNode = FALSE
	EndGlobalSection
	GlobalSection(ExtensibilityGlobals) = postSolution
		SolutionGuid = {13C36CCC-E7E0-4C12-A23D-4EF8033D8EE1}
	EndGlobalSection
EndGlobal
